# This file is autogenerated, do not edit; changes may be undone by the next 'dep ensure'.


[[projects]]
  name = "github.com/PuerkitoBio/goquery"
  packages = ["."]
  revision = "a86ea073017a6beddef78c8659e7224e8ca634b0"
  version = "v1.4.0"

[[projects]]
  name = "github.com/andybalholm/cascadia"
  packages = ["."]
  revision = "901648c87902174f774fac311d7f176f8647bdaa"
  version = "v1.0.0"

[[projects]]
  name = "github.com/chai2010/webp"
  packages = ["."]
  revision = "2f2af1eca6e61973231b4da4db56418f1b6dcb33"
  version = "v1.0.0"

[[projects]]
  name = "github.com/go-sql-driver/mysql"
  packages = ["."]
  revision = "a0583e0143b1624142adab07e0e97fe106d99561"
  version = "v1.3"

[[projects]]
  name = "github.com/gocraft/dbr"
  packages = [".","dialect"]
  revision = "b2f0ffcef2a64c0729d5818e103bc019caed7b22"
  version = "v2.1"

[[projects]]
  branch = "master"
  name = "github.com/marcw/cachecontrol"
  packages = ["."]
  revision = "30341fe9a7d531c7bc6414af55ceb59b9e61499a"

[[projects]]
  branch = "master"
  name = "github.com/mattn/go-ciede2000"
  packages = ["."]
  revision = "782e8c62fec396b2d7e6f4367dd5f3934de99b47"

[[projects]]
  branch = "master"
  name = "github.com/yahoojapan/yisucon"
  packages = ["benchmarker/db","benchmarker/model"]
  revision = "9c9e02dfc72af3fa4700c50498f4950e598e77ab"

[[projects]]
  branch = "master"
  name = "golang.org/x/crypto"
  packages = ["argon2","blake2b"]
  revision = "88942b9c40a4c9d203b82b3731787b672d6e809b"

[[projects]]
  branch = "master"
  name = "golang.org/x/net"
  packages = ["html","html/atom"]
  revision = "6078986fec03a1dcc236c34816c71b0e05018fda"

[solve-meta]
  analyzer-name = "dep"
  analyzer-version = 1
  inputs-digest = "39e31ea95aa64f373a2a290e0aa6880653170dcd15f3f5fa81d8541b8e79d28d"
  solver-name = "gps-cdcl"
  solver-version = 1
